
Microsoft Visual Studio Solution File, Format Version 12.00
# Visual Studio 15
VisualStudioVersion = 15.0.27703.2035
MinimumVisualStudioVersion = 10.0.40219.1
Project("{FAE04EC0-301F-11D3-BF4B-00C04F79EFBC}") = "VstHostTest", "VstHostTest\VstHostTest.csproj", "{46AA49F2-B0A3-4B0D-8A4B-D37D5228AB1B}"
EndProject
Project("{FAE04EC0-301F-11D3-BF4B-00C04F79EFBC}") = "JUMO.Media", "JUMO.Media\JUMO.Media.csproj", "{52B76347-0E14-4D40-AC6B-53CC63CEAFBE}"
EndProject
Project("{FAE04EC0-301F-11D3-BF4B-00C04F79EFBC}") = "메인창", "메인창\메인창.csproj", "{E197E618-10B5-4376-9DC6-B779FA208170}"
EndProject
Project("{FAE04EC0-301F-11D3-BF4B-00C04F79EFBC}") = "JUMO.UI", "JUMO.UI\JUMO.UI.csproj", "{B6171FE8-9E92-4B7A-80E6-59CCABD78CC4}"
EndProject
Project("{FAE04EC0-301F-11D3-BF4B-00C04F79EFBC}") = "JUMO.Core", "JUMO.Core\JUMO.Core.csproj", "{EE59E781-B315-4CDB-9B61-46922349298F}"
EndProject
Project("{FAE04EC0-301F-11D3-BF4B-00C04F79EFBC}") = "JUMO", "JUMO\JUMO.csproj", "{2EBD6ED6-3407-4418-B1CA-319AB87700F6}"
EndProject
Global
	GlobalSection(SolutionConfigurationPlatforms) = preSolution
		Debug|x64 = Debug|x64
		Debug|x86 = Debug|x86
		Release|x64 = Release|x64
		Release|x86 = Release|x86
	EndGlobalSection
	GlobalSection(ProjectConfigurationPlatforms) = postSolution
		{46AA49F2-B0A3-4B0D-8A4B-D37D5228AB1B}.Debug|x64.ActiveCfg = Debug|x64
		{46AA49F2-B0A3-4B0D-8A4B-D37D5228AB1B}.Debug|x64.Build.0 = Debug|x64
		{46AA49F2-B0A3-4B0D-8A4B-D37D5228AB1B}.Debug|x86.ActiveCfg = Debug|x86
		{46AA49F2-B0A3-4B0D-8A4B-D37D5228AB1B}.Debug|x86.Build.0 = Debug|x86
		{46AA49F2-B0A3-4B0D-8A4B-D37D5228AB1B}.Release|x64.ActiveCfg = Release|x64
		{46AA49F2-B0A3-4B0D-8A4B-D37D5228AB1B}.Release|x64.Build.0 = Release|x64
		{46AA49F2-B0A3-4B0D-8A4B-D37D5228AB1B}.Release|x86.ActiveCfg = Release|x86
		{46AA49F2-B0A3-4B0D-8A4B-D37D5228AB1B}.Release|x86.Build.0 = Release|x86
		{52B76347-0E14-4D40-AC6B-53CC63CEAFBE}.Debug|x64.ActiveCfg = Debug|x64
		{52B76347-0E14-4D40-AC6B-53CC63CEAFBE}.Debug|x64.Build.0 = Debug|x64
		{52B76347-0E14-4D40-AC6B-53CC63CEAFBE}.Debug|x86.ActiveCfg = Debug|x86
		{52B76347-0E14-4D40-AC6B-53CC63CEAFBE}.Debug|x86.Build.0 = Debug|x86
		{52B76347-0E14-4D40-AC6B-53CC63CEAFBE}.Release|x64.ActiveCfg = Release|x64
		{52B76347-0E14-4D40-AC6B-53CC63CEAFBE}.Release|x64.Build.0 = Release|x64
		{52B76347-0E14-4D40-AC6B-53CC63CEAFBE}.Release|x86.ActiveCfg = Release|x86
		{52B76347-0E14-4D40-AC6B-53CC63CEAFBE}.Release|x86.Build.0 = Release|x86
		{E197E618-10B5-4376-9DC6-B779FA208170}.Debug|x64.ActiveCfg = Debug|x64
		{E197E618-10B5-4376-9DC6-B779FA208170}.Debug|x64.Build.0 = Debug|x64
		{E197E618-10B5-4376-9DC6-B779FA208170}.Debug|x86.ActiveCfg = Debug|x86
		{E197E618-10B5-4376-9DC6-B779FA208170}.Debug|x86.Build.0 = Debug|x86
		{E197E618-10B5-4376-9DC6-B779FA208170}.Release|x64.ActiveCfg = Release|x64
		{E197E618-10B5-4376-9DC6-B779FA208170}.Release|x64.Build.0 = Release|x64
		{E197E618-10B5-4376-9DC6-B779FA208170}.Release|x86.ActiveCfg = Release|x86
		{E197E618-10B5-4376-9DC6-B779FA208170}.Release|x86.Build.0 = Release|x86
		{B6171FE8-9E92-4B7A-80E6-59CCABD78CC4}.Debug|x64.ActiveCfg = Debug|x64
		{B6171FE8-9E92-4B7A-80E6-59CCABD78CC4}.Debug|x64.Build.0 = Debug|x64
		{B6171FE8-9E92-4B7A-80E6-59CCABD78CC4}.Debug|x86.ActiveCfg = Debug|x86
		{B6171FE8-9E92-4B7A-80E6-59CCABD78CC4}.Debug|x86.Build.0 = Debug|x86
		{B6171FE8-9E92-4B7A-80E6-59CCABD78CC4}.Release|x64.ActiveCfg = Release|x64
		{B6171FE8-9E92-4B7A-80E6-59CCABD78CC4}.Release|x64.Build.0 = Release|x64
		{B6171FE8-9E92-4B7A-80E6-59CCABD78CC4}.Release|x86.ActiveCfg = Release|x86
		{B6171FE8-9E92-4B7A-80E6-59CCABD78CC4}.Release|x86.Build.0 = Release|x86
		{EE59E781-B315-4CDB-9B61-46922349298F}.Debug|x64.ActiveCfg = Debug|x64
		{EE59E781-B315-4CDB-9B61-46922349298F}.Debug|x64.Build.0 = Debug|x64
		{EE59E781-B315-4CDB-9B61-46922349298F}.Debug|x86.ActiveCfg = Debug|x86
		{EE59E781-B315-4CDB-9B61-46922349298F}.Debug|x86.Build.0 = Debug|x86
		{EE59E781-B315-4CDB-9B61-46922349298F}.Release|x64.ActiveCfg = Release|x64
		{EE59E781-B315-4CDB-9B61-46922349298F}.Release|x64.Build.0 = Release|x64
		{EE59E781-B315-4CDB-9B61-46922349298F}.Release|x86.ActiveCfg = Release|x86
		{EE59E781-B315-4CDB-9B61-46922349298F}.Release|x86.Build.0 = Release|x86
		{2EBD6ED6-3407-4418-B1CA-319AB87700F6}.Debug|x64.ActiveCfg = Debug|x64
		{2EBD6ED6-3407-4418-B1CA-319AB87700F6}.Debug|x64.Build.0 = Debug|x64
		{2EBD6ED6-3407-4418-B1CA-319AB87700F6}.Debug|x86.ActiveCfg = Debug|x86
		{2EBD6ED6-3407-4418-B1CA-319AB87700F6}.Debug|x86.Build.0 = Debug|x86
		{2EBD6ED6-3407-4418-B1CA-319AB87700F6}.Release|x64.ActiveCfg = Release|x64
		{2EBD6ED6-3407-4418-B1CA-319AB87700F6}.Release|x64.Build.0 = Release|x64
		{2EBD6ED6-3407-4418-B1CA-319AB87700F6}.Release|x86.ActiveCfg = Release|x86
		{2EBD6ED6-3407-4418-B1CA-319AB87700F6}.Release|x86.Build.0 = Release|x86
	EndGlobalSection
	GlobalSection(SolutionProperties) = preSolution
		HideSolutionNode = FALSE
	EndGlobalSection
	GlobalSection(ExtensibilityGlobals) = postSolution
		SolutionGuid = {D6F4C711-E613-4D30-BBD8-D4D02C93A6E4}
	EndGlobalSection
EndGlobal
